
Microsoft Visual Studio Solution File, Format Version 12.00
# Visual Studio Version 16
VisualStudioVersion = 16.0.32407.337
MinimumVisualStudioVersion = 10.0.40219.1
Project("{FAE04EC0-301F-11D3-BF4B-00C04F79EFBC}") = "BatchRenamer", "BatchRenamer.csproj", "{8FE0D632-4DAE-4703-A0A4-ED7BA8D434EE}"
EndProject
Global
	GlobalSection(SolutionConfigurationPlatforms) = preSolution
		Debug|Any CPU = Debug|Any CPU
		Release|Any CPU = Release|Any CPU
	EndGlobalSection
	GlobalSection(ProjectConfigurationPlatforms) = postSolution
		{8FE0D632-4DAE-4703-A0A4-ED7BA8D434EE}.Debug|Any CPU.ActiveCfg = Debug|Any CPU
		{8FE0D632-4DAE-4703-A0A4-ED7BA8D434EE}.Debug|Any CPU.Build.0 = Debug|Any CPU
		{8FE0D632-4DAE-4703-A0A4-ED7BA8D434EE}.Release|Any CPU.ActiveCfg = Release|Any CPU
		{8FE0D632-4DAE-4703-A0A4-ED7BA8D434EE}.Release|Any CPU.Build.0 = Release|Any CPU
	EndGlobalSection
	GlobalSection(SolutionProperties) = preSolution
		HideSolutionNode = FALSE
	EndGlobalSection
	GlobalSection(ExtensibilityGlobals) = postSolution
		SolutionGuid = {ADF93AA5-0D57-40B0-BB0C-4D99E1553378}
	EndGlobalSection
EndGlobal
